version: 7
platforms:
- name: win-64
  virtual-packages:
  - __win=10.0
  - __archspec=0=x86_64
environments:
  default:
    channels:
    - url: https://conda.anaconda.org/conda-forge/
    packages:
      win-64:
      - conda: https://conda.anaconda.org/conda-forge/noarch/ca-certificates-2026.6.17-h4c7d964_0.conda
      - conda: https://conda.anaconda.org/conda-forge/noarch/libgcc-devel_win-64-15.2.0-hbb59886_119.conda
      - conda: https://conda.anaconda.org/conda-forge/noarch/libstdcxx-devel_win-64-15.2.0-h0a72980_119.conda
      - conda: https://conda.anaconda.org/conda-forge/noarch/m2w64-sysroot_win-64-12.0.0.r4.gg4f2fc60ca-hd8ed1ab_10.conda
      - conda: https://conda.anaconda.org/conda-forge/noarch/meson-1.11.1-pyhcf101f3_0.conda
      - conda: https://conda.anaconda.org/conda-forge/noarch/mingw-w64-ucrt-x86_64-crt-git-12.0.0.r4.gg4f2fc60ca-hd8ed1ab_10.conda
      - conda: https://conda.anaconda.org/conda-forge/noarch/mingw-w64-ucrt-x86_64-headers-git-12.0.0.r4.gg4f2fc60ca-hd8ed1ab_10.conda
      - conda: https://conda.anaconda.org/conda-forge/noarch/mingw-w64-ucrt-x86_64-windows-default-manifest-6.4-he206cdd_7.conda
      - conda: https://conda.anaconda.org/conda-forge/noarch/mingw-w64-ucrt-x86_64-winpthreads-git-12.0.0.r4.gg4f2fc60ca-hd8ed1ab_10.conda
      - conda: https://conda.anaconda.org/conda-forge/noarch/python_abi-3.14-8_cp314.conda
      - conda: https://conda.anaconda.org/conda-forge/noarch/tzdata-2025c-hc9c84f9_1.conda
      - conda: https://conda.anaconda.org/conda-forge/win-64/_openmp_mutex-4.5-20_gnu.conda
      - conda: https://conda.anaconda.org/conda-forge/win-64/aws-c-auth-0.10.3-h4ad2c79_3.conda
      - conda: https://conda.anaconda.org/conda-forge/win-64/aws-c-cal-0.9.14-h270aff2_2.conda
      - conda: https://conda.anaconda.org/conda-forge/win-64/aws-c-common-0.14.0-hfd05255_0.conda
      - conda: https://conda.anaconda.org/conda-forge/win-64/aws-c-compression-0.3.2-h1f21522_2.conda
      - conda: https://conda.anaconda.org/conda-forge/win-64/aws-c-http-0.11.0-h4721ae0_2.conda
      - conda: https://conda.anaconda.org/conda-forge/win-64/aws-c-io-0.26.3-h1a62f66_5.conda
      - conda: https://conda.anaconda.org/conda-forge/win-64/aws-c-s3-0.12.6-h425879c_0.conda
      - conda: https://conda.anaconda.org/conda-forge/win-64/aws-c-sdkutils-0.2.5-h1f21522_0.conda
      - conda: https://conda.anaconda.org/conda-forge/win-64/aws-checksums-0.2.10-h1f21522_2.conda
      - conda: https://conda.anaconda.org/conda-forge/win-64/binutils_impl_win-64-2.45.1-default_ha84baeb_102.conda
      - conda: https://conda.anaconda.org/conda-forge/win-64/blosc-1.21.6-hfd34d9b_1.conda
      - conda: https://conda.anaconda.org/conda-forge/win-64/bzip2-1.0.8-h0ad9c76_9.conda
      - conda: https://conda.anaconda.org/conda-forge/win-64/gcc-15.2.0-h6123e3b_19.conda
      - conda: https://conda.anaconda.org/conda-forge/win-64/gcc_impl_win-64-15.2.0-h062b9a2_19.conda
      - conda: https://conda.anaconda.org/conda-forge/win-64/gfortran-15.2.0-hf1b5d6d_19.conda
      - conda: https://conda.anaconda.org/conda-forge/win-64/gfortran_impl_win-64-15.2.0-h0e079bb_19.conda
      - conda: https://conda.anaconda.org/conda-forge/win-64/gxx-15.2.0-hf1b5d6d_19.conda
      - conda: https://conda.anaconda.org/conda-forge/win-64/gxx_impl_win-64-15.2.0-h22fd5bf_19.conda
      - conda: https://conda.anaconda.org/conda-forge/win-64/hdf4-4.2.15-h5557f11_7.conda
      - conda: https://conda.anaconda.org/conda-forge/win-64/hdf5-2.1.0-nompi_ha9ae7cf_108.conda
      - conda: https://conda.anaconda.org/conda-forge/win-64/icu-78.3-h637d24d_0.conda
      - conda: https://conda.anaconda.org/conda-forge/win-64/krb5-1.22.2-h719d79b_1.conda
      - conda: https://conda.anaconda.org/conda-forge/win-64/ld_impl_win-64-2.45.1-default_hfd38196_102.conda
      - conda: https://conda.anaconda.org/conda-forge/win-64/libaec-1.1.5-haf901d7_0.conda
      - conda: https://conda.anaconda.org/conda-forge/win-64/libcurl-8.21.0-h51a1c48_2.conda
      - conda: https://conda.anaconda.org/conda-forge/win-64/libexpat-2.8.1-hac47afa_1.conda
      - conda: https://conda.anaconda.org/conda-forge/win-64/libffi-3.5.2-h3d046cb_0.conda
      - conda: https://conda.anaconda.org/conda-forge/win-64/libgcc-15.2.0-h8ee18e1_19.conda
      - conda: https://conda.anaconda.org/conda-forge/win-64/libgfortran5-15.2.0-h44d81a7_19.conda
      - conda: https://conda.anaconda.org/conda-forge/win-64/libgomp-15.2.0-h8ee18e1_19.conda
      - conda: https://conda.anaconda.org/conda-forge/win-64/libiconv-1.18-hc1393d2_2.conda
      - conda: https://conda.anaconda.org/conda-forge/win-64/libjpeg-turbo-3.1.4.1-hfd05255_0.conda
      - conda: https://conda.anaconda.org/conda-forge/win-64/liblzma-5.8.3-hfd05255_0.conda
      - conda: https://conda.anaconda.org/conda-forge/win-64/libmpdec-4.0.0-hfd05255_1.conda
      - conda: https://conda.anaconda.org/conda-forge/win-64/libnetcdf-4.10.0-nompi_hf1713fe_104.conda
      - conda: https://conda.anaconda.org/conda-forge/win-64/libpsl-0.22.0-hc1744f7_0.conda
      - conda: https://conda.anaconda.org/conda-forge/win-64/libsqlite-3.53.3-hf5d6505_0.conda
      - conda: https://conda.anaconda.org/conda-forge/win-64/libssh2-1.11.1-h9aa295b_0.conda
      - conda: https://conda.anaconda.org/conda-forge/win-64/libstdcxx-15.2.0-hae5796f_19.conda
      - conda: https://conda.anaconda.org/conda-forge/win-64/libwinpthread-12.0.0.r4.gg4f2fc60ca-h57928b3_10.conda
      - conda: https://conda.anaconda.org/conda-forge/win-64/libxml2-16-2.15.3-h3cfd58e_0.conda
      - conda: https://conda.anaconda.org/conda-forge/win-64/libxml2-2.15.3-h8ef44ab_0.conda
      - conda: https://conda.anaconda.org/conda-forge/win-64/libzip-1.11.2-h3135430_0.conda
      - conda: https://conda.anaconda.org/conda-forge/win-64/libzlib-1.3.2-hfd05255_2.conda
      - conda: https://conda.anaconda.org/conda-forge/win-64/lz4-c-1.10.0-h2466b09_1.conda
      - conda: https://conda.anaconda.org/conda-forge/win-64/m2-conda-epoch-20250515-0_x86_64.conda
      - conda: https://conda.anaconda.org/conda-forge/win-64/ninja-1.13.2-h477610d_0.conda
      - conda: https://conda.anaconda.org/conda-forge/win-64/openssl-3.6.3-hf411b9b_0.conda
      - conda: https://conda.anaconda.org/conda-forge/win-64/python-3.14.6-h4b44e0e_100_cp314.conda
      - conda: https://conda.anaconda.org/conda-forge/win-64/snappy-1.2.2-h7fa0ca8_1.conda
      - conda: https://conda.anaconda.org/conda-forge/win-64/tk-8.6.13-h6ed50ae_3.conda
      - conda: https://conda.anaconda.org/conda-forge/win-64/ucrt-10.0.26100.0-h57928b3_0.conda
      - conda: https://conda.anaconda.org/conda-forge/win-64/vc-14.5-h1b7c187_39.conda
      - conda: https://conda.anaconda.org/conda-forge/win-64/vc14_runtime-14.51.36231-h1b9f54f_39.conda
      - conda: https://conda.anaconda.org/conda-forge/win-64/vcomp14-14.51.36231-h1b9f54f_39.conda
      - conda: https://conda.anaconda.org/conda-forge/win-64/zlib-1.3.2-hfd05255_2.conda
      - conda: https://conda.anaconda.org/conda-forge/win-64/zstd-1.5.7-h534d264_6.conda
packages:
- conda: https://conda.anaconda.org/conda-forge/noarch/ca-certificates-2026.6.17-h4c7d964_0.conda
  sha256: 7f458e4a82514d7bebbfef23d92817794a16aaf1c748a15f04870d4fb49aeab2
  md5: b9696b2cf00dfeec138c70cee38ed192
  depends:
  - __win
  license: ISC
  run_exports: {}
  size: 129352
  timestamp: 1781709016515
- conda: https://conda.anaconda.org/conda-forge/noarch/libgcc-devel_win-64-15.2.0-hbb59886_119.conda
  sha256: 5ea9053e6c903e1ebba35e478df14f9f0fd520ad9dadc944ca5697688d621e97
  md5: 8b4a82e71682c1de2b0839023d6e3133
  depends:
  - m2-conda-epoch
  license: GPL-3.0-only WITH GCC-exception-3.1
  license_family: GPL
  run_exports: {}
  size: 2419170
  timestamp: 1778272969212
- conda: https://conda.anaconda.org/conda-forge/noarch/libstdcxx-devel_win-64-15.2.0-h0a72980_119.conda
  sha256: deea115b736d7fe4acbf15c928fc26def84e30211f09a7aac6bed9940862b6e6
  md5: 928d9a3adb00850a4b5a888683c29465
  depends:
  - m2-conda-epoch
  license: GPL-3.0-only WITH GCC-exception-3.1
  license_family: GPL
  run_exports: {}
  size: 11634599
  timestamp: 1778272991364
- conda: https://conda.anaconda.org/conda-forge/noarch/m2w64-sysroot_win-64-12.0.0.r4.gg4f2fc60ca-hd8ed1ab_10.conda
  sha256: fb0ffe6b3c25189038c29abbd1fac2522d87fe2775a09e5f5088e5542dc3309b
  md5: 9676d2a30fa3ffa4e5350041d0993758
  depends:
  - m2-conda-epoch
  - mingw-w64-ucrt-x86_64-crt-git 12.0.0.r4.gg4f2fc60ca hd8ed1ab_10
  - mingw-w64-ucrt-x86_64-headers-git 12.0.0.r4.gg4f2fc60ca hd8ed1ab_10
  - mingw-w64-ucrt-x86_64-windows-default-manifest
  - mingw-w64-ucrt-x86_64-winpthreads-git 12.0.0.r4.gg4f2fc60ca hd8ed1ab_10
  - ucrt
  run_exports:
    strong:
    - libwinpthread >=12.0.0.r4.gg4f2fc60ca
  size: 8421
  timestamp: 1759768559974
- conda: https://conda.anaconda.org/conda-forge/noarch/meson-1.11.1-pyhcf101f3_0.conda
  sha256: 1cd625d7358edba307e8a4d10ed15ce7c59a1dc0296b678c2111b0d76c594915
  md5: ced6358cc61d7e381e68fc128f7b63db
  depends:
  - python >=3.10
  - ninja >=1.8.2
  - python
  license: Apache-2.0
  license_family: APACHE
  run_exports: {}
  size: 776653
  timestamp: 1776755211908
- conda: https://conda.anaconda.org/conda-forge/noarch/mingw-w64-ucrt-x86_64-crt-git-12.0.0.r4.gg4f2fc60ca-hd8ed1ab_10.conda
  sha256: de3e42149b498c16bfb485b7729f4ca0fe392be576a2a10ff702d661799b1df3
  md5: 44ffa6d68699ec9321f6d48d75bdc726
  depends:
  - m2-conda-epoch
  - mingw-w64-ucrt-x86_64-headers-git 12.0.0.r4.gg4f2fc60ca hd8ed1ab_10
  constrains:
  - mingw-w64-ucrt-x86_64-winpthreads-git 12.0.0.r4.gg4f2fc60ca.*
  license: ZPL-2.1
  run_exports: {}
  size: 5663635
  timestamp: 1759768458961
- conda: https://conda.anaconda.org/conda-forge/noarch/mingw-w64-ucrt-x86_64-headers-git-12.0.0.r4.gg4f2fc60ca-hd8ed1ab_10.conda
  sha256: 1add86481f35163215e7076e6f06f22aa9f1f9345a5fff5cb07bc846c13fbec7
  md5: cab7b807024204893ef5bb1860d91408
  depends:
  - m2-conda-epoch
  constrains:
  - mingw-w64-ucrt-x86_64-crt-git 12.0.0.r4.gg4f2fc60ca.*
  - mingw-w64-ucrt-x86_64-winpthreads-git 12.0.0.r4.gg4f2fc60ca.*
  license: ZPL-2.1 AND LGPL-2.1-or-later
  run_exports: {}
  size: 7089846
  timestamp: 1759768412123
- conda: https://conda.anaconda.org/conda-forge/noarch/mingw-w64-ucrt-x86_64-windows-default-manifest-6.4-he206cdd_7.conda
  sha256: 5b0df4e0ba8487ffd59f60c34c5dbb9e001ecd2c5d2c66ba88eada40bfa3ecb8
  md5: 1d6b5c96d7e3cce773519d7d1a4482f0
  depends:
  - __win
  constrains:
  - m2w64-sysroot_win-64 >=12.0.0.r0
  license: FSFAP
  run_exports: {}
  size: 7412
  timestamp: 1717486007140
- conda: https://conda.anaconda.org/conda-forge/noarch/mingw-w64-ucrt-x86_64-winpthreads-git-12.0.0.r4.gg4f2fc60ca-hd8ed1ab_10.conda
  sha256: 828abb111286940473c4c665fc8ab300d28920f5af83b32295e8bf2256a8f342
  md5: ba0eeff6a5c62b83c771bb392e22dbb4
  depends:
  - m2-conda-epoch
  - mingw-w64-ucrt-x86_64-headers-git 12.0.0.r4.gg4f2fc60ca hd8ed1ab_10
  constrains:
  - mingw-w64-ucrt-x86_64-crt-git 12.0.0.r4.gg4f2fc60ca.*
  license: MIT AND BSD-3-Clause-Clear
  run_exports: {}
  size: 123916
  timestamp: 1759768539535
- conda: https://conda.anaconda.org/conda-forge/noarch/python_abi-3.14-8_cp314.conda
  build_number: 8
  sha256: ad6d2e9ac39751cc0529dd1566a26751a0bf2542adb0c232533d32e176e21db5
  md5: 0539938c55b6b1a59b560e843ad864a4
  constrains:
  - python 3.14.* *_cp314
  license: BSD-3-Clause
  license_family: BSD
  run_exports: {}
  size: 6989
  timestamp: 1752805904792
- conda: https://conda.anaconda.org/conda-forge/noarch/tzdata-2025c-hc9c84f9_1.conda
  sha256: 1d30098909076af33a35017eed6f2953af1c769e273a0626a04722ac4acaba3c
  md5: ad659d0a2b3e47e38d829aa8cad2d610
  license: LicenseRef-Public-Domain
  run_exports: {}
  size: 119135
  timestamp: 1767016325805
- conda: https://conda.anaconda.org/conda-forge/win-64/_openmp_mutex-4.5-20_gnu.conda
  build_number: 20
  sha256: 8a1cee28bd0ee7451ada1cd50b64720e57e17ff994fc62dd8329bef570d382e4
  md5: 1626967b574d1784b578b52eaeb071e7
  depends:
  - libgomp >=7.5.0
  - libwinpthread >=12.0.0.r4.gg4f2fc60ca
  constrains:
  - openmp_impl <0.0a0
  - msys2-conda-epoch <0.0a0
  license: BSD-3-Clause
  license_family: BSD
  run_exports:
    strong:
    - _openmp_mutex >=4.5
  size: 52252
  timestamp: 1770943776666
- conda: https://conda.anaconda.org/conda-forge/win-64/aws-c-auth-0.10.3-h4ad2c79_3.conda
  sha256: 590ab6432edcbd9cab6e48bb10f22f42c4a5d17592c3d8b88beebe53249c42ce
  md5: 6aedfd77c6667e5b107c7907002e98a4
  depends:
  - vc >=14.3,<15
  - vc14_runtime >=14.44.35208
  - ucrt >=10.0.20348.0
  - aws-c-cal >=0.9.14,<0.9.15.0a0
  - aws-c-sdkutils >=0.2.5,<0.2.6.0a0
  - aws-c-io >=0.26.3,<0.26.4.0a0
  - aws-c-http >=0.11.0,<0.11.1.0a0
  - aws-c-common >=0.14.0,<0.14.1.0a0
  license: Apache-2.0
  license_family: APACHE
  run_exports:
    weak:
    - aws-c-auth >=0.10.3,<0.10.4.0a0
  size: 127434
  timestamp: 1781802978944
- conda: https://conda.anaconda.org/conda-forge/win-64/aws-c-cal-0.9.14-h270aff2_2.conda
  sha256: 5a5135cc6058ee3ef137eca20ee034e632f5bbc324ceedd931ddffe20c1dac71
  md5: 190c386d7a6c6c53ea819d3e5078c502
  depends:
  - aws-c-common >=0.14.0,<0.14.1.0a0
  - ucrt >=10.0.20348.0
  - vc >=14.3,<15
  - vc14_runtime >=14.44.35208
  license: Apache-2.0
  license_family: Apache
  run_exports:
    weak:
    - aws-c-cal >=0.9.14,<0.9.15.0a0
  size: 53946
  timestamp: 1780566762774
- conda: https://conda.anaconda.org/conda-forge/win-64/aws-c-common-0.14.0-hfd05255_0.conda
  sha256: 72d414cfaf47911467d5c5b4bb196f0ab1c3106053dda04d03ffbdef94ce7714
  md5: 535d224f288e8b2366b71f390f5d52fd
  depends:
  - ucrt >=10.0.20348.0
  - vc >=14.3,<15
  - vc14_runtime >=14.44.35208
  license: Apache-2.0
  license_family: Apache
  run_exports:
    weak:
    - aws-c-common >=0.14.0,<0.14.1.0a0
  size: 240292
  timestamp: 1780160988434
- conda: https://conda.anaconda.org/conda-forge/win-64/aws-c-compression-0.3.2-h1f21522_2.conda
  sha256: d46d9152e81d566666520fe751d7d063bc14a6d57c267f5aca0c882d2425f106
  md5: bf8202d63ba3ccf63f8f0d560b484611
  depends:
  - vc >=14.3,<15
  - vc14_runtime >=14.44.35208
  - ucrt >=10.0.20348.0
  - aws-c-common >=0.14.0,<0.14.1.0a0
  license: Apache-2.0
  license_family: APACHE
  run_exports:
    weak:
    - aws-c-compression >=0.3.2,<0.3.3.0a0
  size: 23102
  timestamp: 1780566266559
- conda: https://conda.anaconda.org/conda-forge/win-64/aws-c-http-0.11.0-h4721ae0_2.conda
  sha256: 121556c3169b5b9a3e458ce8d7f438f7dfaf583820727ec53c2d0c216bbad73a
  md5: 8292db4a8957ea01e74ad9c2bf75b45f
  depends:
  - vc >=14.3,<15
  - vc14_runtime >=14.44.35208
  - ucrt >=10.0.20348.0
  - aws-c-common >=0.14.0,<0.14.1.0a0
  - aws-c-cal >=0.9.14,<0.9.15.0a0
  - aws-c-compression >=0.3.2,<0.3.3.0a0
  - aws-c-io >=0.26.3,<0.26.4.0a0
  license: Apache-2.0
  license_family: APACHE
  run_exports:
    weak:
    - aws-c-http >=0.11.0,<0.11.1.0a0
  size: 213110
  timestamp: 1780586788750
- conda: https://conda.anaconda.org/conda-forge/win-64/aws-c-io-0.26.3-h1a62f66_5.conda
  sha256: 7e11866b0bd0d39e023e7b7fc8b39b080c6aaf51dc6569cd5328d5b463a34ef0
  md5: ecbc4dc70e523b6990f4994b618d6142
  depends:
  - vc >=14.3,<15
  - vc14_runtime >=14.44.35208
  - ucrt >=10.0.20348.0
  - aws-c-cal >=0.9.14,<0.9.15.0a0
  - aws-c-common >=0.14.0,<0.14.1.0a0
  license: Apache-2.0
  license_family: APACHE
  run_exports:
    weak:
    - aws-c-io >=0.26.3,<0.26.4.0a0
  size: 182284
  timestamp: 1781649836283
- conda: https://conda.anaconda.org/conda-forge/win-64/aws-c-s3-0.12.6-h425879c_0.conda
  sha256: 79480a3e2cdc9996bcf956c40da69af7f0c381025d3a3767bca3bfd9ab7ad5a7
  md5: d48ab0822e0cd063f28f9bdc3b131025
  depends:
  - vc >=14.3,<15
  - vc14_runtime >=14.44.35208
  - ucrt >=10.0.20348.0
  - aws-c-io >=0.26.3,<0.26.4.0a0
  - aws-c-common >=0.14.0,<0.14.1.0a0
  - aws-c-auth >=0.10.3,<0.10.4.0a0
  - aws-c-http >=0.11.0,<0.11.1.0a0
  - aws-c-cal >=0.9.14,<0.9.15.0a0
  - aws-checksums >=0.2.10,<0.2.11.0a0
  license: Apache-2.0
  license_family: APACHE
  run_exports:
    weak:
    - aws-c-s3 >=0.12.6,<0.12.7.0a0
  size: 144210
  timestamp: 1781253046025
- conda: https://conda.anaconda.org/conda-forge/win-64/aws-c-sdkutils-0.2.5-h1f21522_0.conda
  sha256: d81e792b5196631fb94bebe889dbb553934c82395c83da434fe20c0931b279a0
  md5: a9f7e722616c9d49c1bfd50907f96af4
  depends:
  - vc >=14.3,<15
  - vc14_runtime >=14.44.35208
  - ucrt >=10.0.20348.0
  - aws-c-common >=0.14.0,<0.14.1.0a0
  license: Apache-2.0
  license_family: APACHE
  run_exports:
    weak:
    - aws-c-sdkutils >=0.2.5,<0.2.6.0a0
  size: 62623
  timestamp: 1781063655067
- conda: https://conda.anaconda.org/conda-forge/win-64/aws-checksums-0.2.10-h1f21522_2.conda
  sha256: 11fa04b860b263503478dc9ef5d9516fc12078b60ec845e58f2e8fb7076fe264
  md5: f4f71178b5be79f887b2d575400c4133
  depends:
  - vc >=14.3,<15
  - vc14_runtime >=14.44.35208
  - ucrt >=10.0.20348.0
  - aws-c-common >=0.14.0,<0.14.1.0a0
  license: Apache-2.0
  license_family: APACHE
  run_exports:
    weak:
    - aws-checksums >=0.2.10,<0.2.11.0a0
  size: 116849
  timestamp: 1780568566902
- conda: https://conda.anaconda.org/conda-forge/win-64/binutils_impl_win-64-2.45.1-default_ha84baeb_102.conda
  sha256: 9123bf592bca01e226eeaf7ad70853a54eaae30d7585be5751eed2d6624bc39a
  md5: 74d89550a0a593e67a32fd1d2509a85a
  depends:
  - ld_impl_win-64 2.45.1 default_hfd38196_102
  - m2w64-sysroot_win-64 >=12.0.0.r0
  - zstd >=1.5.7,<1.6.0a0
  license: GPL-3.0-only
  license_family: GPL
  run_exports: {}
  size: 6121562
  timestamp: 1774198074938
- conda: https://conda.anaconda.org/conda-forge/win-64/blosc-1.21.6-hfd34d9b_1.conda
  sha256: 9303a7a0e03cf118eab3691013f6d6cbd1cbac66efbc70d89b20f5d0145257c0
  md5: 357d7be4146d5fec543bfaa96a8a40de
  depends:
  - libzlib >=1.3.1,<2.0a0
  - lz4-c >=1.10.0,<1.11.0a0
  - snappy >=1.2.1,<1.3.0a0
  - ucrt >=10.0.20348.0
  - vc >=14.2,<15
  - vc14_runtime >=14.29.30139
  - zstd >=1.5.6,<1.6.0a0
  license: BSD-3-Clause
  license_family: BSD
  run_exports:
    weak:
    - blosc >=1.21.6,<2.0a0
  size: 49840
  timestamp: 1733513605730
- conda: https://conda.anaconda.org/conda-forge/win-64/bzip2-1.0.8-h0ad9c76_9.conda
  sha256: 76dfb71df5e8d1c4eded2dbb5ba15bb8fb2e2b0fe42d94145d5eed4c75c35902
  md5: 4cb8e6b48f67de0b018719cdf1136306
  depends:
  - ucrt >=10.0.20348.0
  - vc >=14.3,<15
  - vc14_runtime >=14.44.35208
  license: bzip2-1.0.6
  license_family: BSD
  run_exports:
    weak:
    - bzip2 >=1.0.8,<2.0a0
  size: 56115
  timestamp: 1771350256444
- conda: https://conda.anaconda.org/conda-forge/win-64/gcc-15.2.0-h6123e3b_19.conda
  sha256: 7f8ee38e98ecc50818a509d794abcd4f1dbbe3d154cdc3e4dba6eeb6cbe75faa
  md5: 64a4036e06e497afe50d690c63906e38
  depends:
  - gcc_impl_win-64 15.2.0 h062b9a2_19
  track_features:
  - gcc_no_conda_specs
  license: BSD-3-Clause
  license_family: BSD
  run_exports: {}
  size: 1199452
  timestamp: 1778273446640
- conda: https://conda.anaconda.org/conda-forge/win-64/gcc_impl_win-64-15.2.0-h062b9a2_19.conda
  sha256: 9a1087fc15253a923d6c4f3a313285b1ad7f5e8c849f24086bc0696b9383313b
  md5: 04354147d91b3ac936a4f410af5e1d0f
  depends:
  - binutils_impl_win-64 >=2.45
  - libgcc >=15.2.0
  - libgcc-devel_win-64 15.2.0 hbb59886_119
  - libgomp >=15.2.0
  - libstdcxx >=15.2.0
  - libstdcxx-devel_win-64 15.2.0 h0a72980_119
  - m2w64-sysroot_win-64
  license: GPL-3.0-only WITH GCC-exception-3.1
  license_family: GPL
  run_exports: {}
  size: 62130152
  timestamp: 1778273122806
- conda: https://conda.anaconda.org/conda-forge/win-64/gfortran-15.2.0-hf1b5d6d_19.conda
  sha256: 82b6e5fc3198f7c9097f855af11617fe9f90d0da5da953504b59d09626e517da
  md5: b1db2ad357072880b6e38741f634234b
  depends:
  - gcc 15.2.0 h6123e3b_19
  - gcc_impl_win-64 15.2.0 h062b9a2_19
  - gfortran_impl_win-64 15.2.0 h0e079bb_19
  license: BSD-3-Clause
  license_family: BSD
  run_exports: {}
  size: 824169
  timestamp: 1778273518983
- conda: https://conda.anaconda.org/conda-forge/win-64/gfortran_impl_win-64-15.2.0-h0e079bb_19.conda
  sha256: 0204002c214622bb701e643723c4ea4fb4417e9a59415fac804747289dafb446
  md5: f87fbb8ca50927f218328fcc8767130d
  depends:
  - gcc_impl_win-64 >=15.2.0
  - libgcc >=15.2.0
  - libgfortran5 >=15.2.0
  - libstdcxx >=15.2.0
  - m2w64-sysroot_win-64
  license: GPL-3.0-only WITH GCC-exception-3.1
  license_family: GPL
  run_exports: {}
  size: 17264590
  timestamp: 1778273342581
- conda: https://conda.anaconda.org/conda-forge/win-64/gxx-15.2.0-hf1b5d6d_19.conda
  sha256: 53d60a36476fbe46f495f3d12b986a8e80d28367a05caccdb8d517a7309faf7c
  md5: c03b67785fe6fd200ffb9caccde2be18
  depends:
  - gcc 15.2.0 h6123e3b_19
  - gxx_impl_win-64 15.2.0 h22fd5bf_19
  license: BSD-3-Clause
  license_family: BSD
  run_exports: {}
  size: 824523
  timestamp: 1778273529902
- conda: https://conda.anaconda.org/conda-forge/win-64/gxx_impl_win-64-15.2.0-h22fd5bf_19.conda
  sha256: 2f3b16794653b12a4aebe9e8073f51dd5f8ff1c82b40585434d1a7f32ff0a558
  md5: 816b9049907b42a6a4ec655aebe67d3c
  depends:
  - gcc_impl_win-64 15.2.0 h062b9a2_19
  - libstdcxx-devel_win-64 15.2.0 h0a72980_119
  - m2w64-sysroot_win-64
  - tzdata
  license: GPL-3.0-only WITH GCC-exception-3.1
  license_family: GPL
  run_exports: {}
  size: 14813951
  timestamp: 1778273408391
- conda: https://conda.anaconda.org/conda-forge/win-64/hdf4-4.2.15-h5557f11_7.conda
  sha256: 52fa5dde69758c19c69ab68a3d7ebfb2c9042e3a55d405c29a59d3b0584fd790
  md5: 84344a916a73727c1326841007b52ca8
  depends:
  - libjpeg-turbo >=3.0.0,<4.0a0
  - libzlib >=1.2.13,<2.0.0a0
  - ucrt >=10.0.20348.0
  - vc >=14.2,<15
  - vc14_runtime >=14.29.30139
  license: BSD-3-Clause
  license_family: BSD
  run_exports:
    weak:
    - hdf4 >=4.2.15,<4.2.16.0a0
  size: 779637
  timestamp: 1695662145568
- conda: https://conda.anaconda.org/conda-forge/win-64/hdf5-2.1.0-nompi_ha9ae7cf_108.conda
  sha256: 3c13bd2e6c2b3946cace7b3b09518002fc61109629ec46040c7df14392e35847
  md5: a5f85ab8aa403db6a0a78075b6bc4ff5
  depends:
  - aws-c-auth >=0.10.3,<0.10.4.0a0
  - aws-c-common >=0.14.0,<0.14.1.0a0
  - aws-c-http >=0.11.0,<0.11.1.0a0
  - aws-c-io >=0.26.3,<0.26.4.0a0
  - aws-c-s3 >=0.12.6,<0.12.7.0a0
  - aws-c-sdkutils >=0.2.5,<0.2.6.0a0
  - libaec >=1.1.5,<2.0a0
  - libcurl >=8.20.0,<9.0a0
  - libzlib >=1.3.2,<2.0a0
  - openssl >=3.5.7,<4.0a0
  - ucrt >=10.0.20348.0
  - vc >=14.3,<15
  - vc14_runtime >=14.44.35208
  license: BSD-3-Clause
  license_family: BSD
  run_exports:
    weak:
    - hdf5 >=2.1.0,<3.0a0
  size: 2557385
  timestamp: 1781836888760
- conda: https://conda.anaconda.org/conda-forge/win-64/icu-78.3-h637d24d_0.conda
  sha256: 1bda728d70a619731b278c859eda364146cb5b4b8c739a64da8128353d81d1c4
  md5: 0097b24800cb696915c3dbd1f5335d3f
  depends:
  - ucrt >=10.0.20348.0
  - vc >=14.3,<15
  - vc14_runtime >=14.44.35208
  license: MIT
  license_family: MIT
  run_exports:
    weak:
    - icu >=78.3,<79.0a0
  size: 14954024
  timestamp: 1773822508646
- conda: https://conda.anaconda.org/conda-forge/win-64/krb5-1.22.2-h719d79b_1.conda
  sha256: c55745796e762ba9e817ab1fc0f21f1a049e202f90fa762df39578f37923f6c2
  md5: 00335c2c4a98656554771aaf6f1a7400
  depends:
  - openssl >=3.5.7,<4.0a0
  - ucrt >=10.0.20348.0
  - vc >=14.3,<15
  - vc14_runtime >=14.44.35208
  license: MIT
  license_family: MIT
  run_exports:
    weak:
    - krb5 >=1.22.2,<1.23.0a0
  size: 750320
  timestamp: 1781859644591
- conda: https://conda.anaconda.org/conda-forge/win-64/ld_impl_win-64-2.45.1-default_hfd38196_102.conda
  sha256: 5256fe3ac465452a9702ca2b48adf47d1de905ed47d98fd5976ddb9c7a85619c
  md5: b0019a6e9267dd74b7efeefa970df76a
  depends:
  - zstd >=1.5.7,<1.6.0a0
  constrains:
  - binutils_impl_win-64 2.45.1
  license: GPL-3.0-only
  license_family: GPL
  run_exports: {}
  size: 877159
  timestamp: 1774198058013
- conda: https://conda.anaconda.org/conda-forge/win-64/libaec-1.1.5-haf901d7_0.conda
  sha256: e54c08964262c73671d9e80e400333e59c617e0b454476ad68933c0c458156c8
  md5: 43b6385cfad52a7083f2c41984eb4e91
  depends:
  - ucrt >=10.0.20348.0
  - vc >=14.3,<15
  - vc14_runtime >=14.44.35208
  license: BSD-2-Clause
  license_family: BSD
  run_exports:
    weak:
    - libaec >=1.1.5,<2.0a0
  size: 34463
  timestamp: 1769221960556
- conda: https://conda.anaconda.org/conda-forge/win-64/libcurl-8.21.0-h51a1c48_2.conda
  sha256: e9a9231e6c04b82979a6a1a4f90b8a697dc3a42884e709dee8ba5d0355b45296
  md5: 88c875a8f34785d6f6185ceb646154fa
  depends:
  - krb5 >=1.22.2,<1.23.0a0
  - libpsl >=0.22.0,<0.23.0a0
  - libssh2 >=1.11.1,<2.0a0
  - libzlib >=1.3.2,<2.0a0
  - ucrt >=10.0.20348.0
  - vc >=14.3,<15
  - vc14_runtime >=14.44.35208
  license: curl
  license_family: MIT
  run_exports:
    weak:
    - libcurl >=8.21.0,<9.0a0
  size: 404786
  timestamp: 1782911887650
- conda: https://conda.anaconda.org/conda-forge/win-64/libexpat-2.8.1-hac47afa_1.conda
  sha256: 1a54d874addda73b6f7164d5f3905821277a1831bcc05edd74b3085391688571
  md5: ccc490c81ffe14181861beac0e8f3169
  depends:
  - ucrt >=10.0.20348.0
  - vc >=14.3,<15
  - vc14_runtime >=14.44.35208
  constrains:
  - expat 2.8.1.*
  license: MIT
  license_family: MIT
  run_exports: {}
  size: 71631
  timestamp: 1781203724164
- conda: https://conda.anaconda.org/conda-forge/win-64/libffi-3.5.2-h3d046cb_0.conda
  sha256: 59d01f2dfa8b77491b5888a5ab88ff4e1574c9359f7e229da254cdfe27ddc190
  md5: 720b39f5ec0610457b725eb3f396219a
  depends:
  - ucrt >=10.0.20348.0
  - vc >=14.3,<15
  - vc14_runtime >=14.44.35208
  license: MIT
  license_family: MIT
  run_exports:
    weak:
    - libffi >=3.5.2,<3.6.0a0
  size: 45831
  timestamp: 1769456418774
- conda: https://conda.anaconda.org/conda-forge/win-64/libgcc-15.2.0-h8ee18e1_19.conda
  sha256: 80e80ef5e31b00b12539db3c5aaecde60dab91381abfc1060e323d5c3b016dce
  md5: cc5d690fc1c629038f13c68e88e65f44
  depends:
  - _openmp_mutex >=4.5
  - libwinpthread >=12.0.0.r4.gg4f2fc60ca
  constrains:
  - msys2-conda-epoch <0.0a0
  - libgcc-ng ==15.2.0=*_19
  - libgomp 15.2.0 h8ee18e1_19
  license: GPL-3.0-only WITH GCC-exception-3.1
  license_family: GPL
  run_exports: {}
  size: 821854
  timestamp: 1778273037795
- conda: https://conda.anaconda.org/conda-forge/win-64/libgfortran5-15.2.0-h44d81a7_19.conda
  sha256: 5b094652485b6307bb8991a5f877d15c10a4f0c6b5698b041bb6e1bd408e01f4
  md5: 4849bc0fd45bcb95ce981c449e8cf7f4
  depends:
  - libgcc >=15.2.0
  - libwinpthread >=12.0.0.r4.gg4f2fc60ca
  constrains:
  - libgfortran 15.2.0
  license: GPL-3.0-only WITH GCC-exception-3.1
  license_family: GPL
  run_exports: {}
  size: 2792696
  timestamp: 1778273047082
- conda: https://conda.anaconda.org/conda-forge/win-64/libgomp-15.2.0-h8ee18e1_19.conda
  sha256: 4dc958ced2fc7f42bc675b07e2c9abe3e150875ffdf62ca551d94fc6facf1fd7
  md5: f1147651e3fdd585e2f442c0c2fc8f2d
  depends:
  - libwinpthread >=12.0.0.r4.gg4f2fc60ca
  constrains:
  - msys2-conda-epoch <0.0a0
  license: GPL-3.0-only WITH GCC-exception-3.1
  license_family: GPL
  run_exports:
    strong:
    - _openmp_mutex >=4.5
    - libgomp >=15.2.0
  size: 664640
  timestamp: 1778272979661
- conda: https://conda.anaconda.org/conda-forge/win-64/libiconv-1.18-hc1393d2_2.conda
  sha256: 0dcdb1a5f01863ac4e8ba006a8b0dc1a02d2221ec3319b5915a1863254d7efa7
  md5: 64571d1dd6cdcfa25d0664a5950fdaa2
  depends:
  - ucrt >=10.0.20348.0
  - vc >=14.3,<15
  - vc14_runtime >=14.44.35208
  license: LGPL-2.1-only
  run_exports:
    weak:
    - libiconv >=1.18,<2.0a0
  size: 696926
  timestamp: 1754909290005
- conda: https://conda.anaconda.org/conda-forge/win-64/libjpeg-turbo-3.1.4.1-hfd05255_0.conda
  sha256: 698d57b5b90120270eaa401298319fcb25ea186ae95b340c2f4813ed9171083d
  md5: 25a127bad5470852b30b239f030ec95b
  depends:
  - ucrt >=10.0.20348.0
  - vc >=14.3,<15
  - vc14_runtime >=14.44.35208
  constrains:
  - jpeg <0.0.0a
  license: IJG AND BSD-3-Clause AND Zlib
  run_exports:
    weak:
    - libjpeg-turbo >=3.1.4.1,<4.0a0
  size: 842806
  timestamp: 1775962811457
- conda: https://conda.anaconda.org/conda-forge/win-64/liblzma-5.8.3-hfd05255_0.conda
  sha256: d636d1a25234063642f9c531a7bb58d84c1c496411280a36ea000bd122f078f1
  md5: 8f83619ab1588b98dd99c90b0bfc5c6d
  depends:
  - ucrt >=10.0.20348.0
  - vc >=14.3,<15
  - vc14_runtime >=14.44.35208
  constrains:
  - xz 5.8.3.*
  license: 0BSD
  run_exports:
    weak:
    - liblzma >=5.8.3,<6.0a0
  size: 106486
  timestamp: 1775825663227
- conda: https://conda.anaconda.org/conda-forge/win-64/libmpdec-4.0.0-hfd05255_1.conda
  sha256: 40dcd0b9522a6e0af72a9db0ced619176e7cfdb114855c7a64f278e73f8a7514
  md5: e4a9fc2bba3b022dad998c78856afe47
  depends:
  - ucrt >=10.0.20348.0
  - vc >=14.3,<15
  - vc14_runtime >=14.44.35208
  license: BSD-2-Clause
  license_family: BSD
  run_exports: {}
  size: 89411
  timestamp: 1769482314283
- conda: https://conda.anaconda.org/conda-forge/win-64/libnetcdf-4.10.0-nompi_hf1713fe_104.conda
  sha256: 9c9cc620a21135cc1717f6f7ecd90938ff294225df91fecac68e65332c4b2f3e
  md5: 3cef0c88f7e07cbe39382561a1bc23a2
  depends:
  - blosc >=1.21.6,<2.0a0
  - bzip2 >=1.0.8,<2.0a0
  - hdf4 >=4.2.15,<4.2.16.0a0
  - hdf5 >=2.1.0,<3.0a0
  - libaec >=1.1.5,<2.0a0
  - libcurl >=8.19.0,<9.0a0
  - libxml2
  - libxml2-16 >=2.14.6
  - libzip >=1.11.2,<2.0a0
  - libzlib >=1.3.2,<2.0a0
  - ucrt >=10.0.20348.0
  - vc >=14.3,<15
  - vc14_runtime >=14.44.35208
  - zstd >=1.5.7,<1.6.0a0
  license: MIT
  license_family: MIT
  run_exports:
    weak:
    - libnetcdf >=4.10.0,<4.10.1.0a0
  size: 663239
  timestamp: 1776686494614
- conda: https://conda.anaconda.org/conda-forge/win-64/libpsl-0.22.0-hc1744f7_0.conda
  sha256: b08fa3b66fbd9fea91c8d4cfa34568ea0b1e59636172e33349797fe7ef8a5611
  md5: 6865b9bb1584e633c436c1196bcc4ed0
  depends:
  - icu >=78.3,<79.0a0
  - ucrt >=10.0.20348.0
  - vc >=14.3,<15
  - vc14_runtime >=14.44.35208
  license: MIT
  license_family: MIT
  run_exports:
    weak:
    - libpsl >=0.22.0,<0.23.0a0
  size: 85552
  timestamp: 1782394903537
- conda: https://conda.anaconda.org/conda-forge/win-64/libsqlite-3.53.3-hf5d6505_0.conda
  sha256: 692dfb73a22c873656d5e393b8f1e2b019a3c8a6486c97cb6900552e64e38c25
  md5: 051f1b2228e7517a2ef8cca5146c8967
  depends:
  - ucrt >=10.0.20348.0
  - vc >=14.3,<15
  - vc14_runtime >=14.44.35208
  license: blessing
  run_exports:
    weak:
    - libsqlite >=3.53.3,<4.0a0
  size: 1315909
  timestamp: 1782519131898
- conda: https://conda.anaconda.org/conda-forge/win-64/libssh2-1.11.1-h9aa295b_0.conda
  sha256: cbdf93898f2e27cefca5f3fe46519335d1fab25c4ea2a11b11502ff63e602c09
  md5: 9dce2f112bfd3400f4f432b3d0ac07b2
  depends:
  - libzlib >=1.3.1,<2.0a0
  - openssl >=3.5.0,<4.0a0
  - ucrt >=10.0.20348.0
  - vc >=14.2,<15
  - vc14_runtime >=14.29.30139
  license: BSD-3-Clause
  license_family: BSD
  run_exports:
    weak:
    - libssh2 >=1.11.1,<2.0a0
  size: 292785
  timestamp: 1745608759342
- conda: https://conda.anaconda.org/conda-forge/win-64/libstdcxx-15.2.0-hae5796f_19.conda
  sha256: 39e3ccf4fa64e24196e57ca34387bdd8f7c749bf3beab1a849244e6923c288d2
  md5: fff457de671788d3df3d5cb246caec3e
  depends:
  - libgcc 15.2.0 h8ee18e1_19
  - libwinpthread >=12.0.0.r4.gg4f2fc60ca
  constrains:
  - libstdcxx-ng ==15.2.0=*_19
  license: GPL-3.0-only WITH GCC-exception-3.1
  license_family: GPL
  run_exports: {}
  size: 6461114
  timestamp: 1778273060138
- conda: https://conda.anaconda.org/conda-forge/win-64/libwinpthread-12.0.0.r4.gg4f2fc60ca-h57928b3_10.conda
  sha256: 0fccf2d17026255b6e10ace1f191d0a2a18f2d65088fd02430be17c701f8ffe0
  md5: 8a86073cf3b343b87d03f41790d8b4e5
  depends:
  - ucrt
  constrains:
  - pthreads-win32 <0.0a0
  - msys2-conda-epoch <0.0a0
  license: MIT AND BSD-3-Clause-Clear
  run_exports: {}
  size: 36621
  timestamp: 1759768399557
- conda: https://conda.anaconda.org/conda-forge/win-64/libxml2-16-2.15.3-h3cfd58e_0.conda
  sha256: 3b61ee3caba702d2ff432fa3920835db963026e5c99c4e6fdca0c6114f59e7ce
  md5: 9e8dd0d90ed830107b2c36801035b7db
  depends:
  - icu >=78.3,<79.0a0
  - libiconv >=1.18,<2.0a0
  - liblzma >=5.8.3,<6.0a0
  - libzlib >=1.3.2,<2.0a0
  - ucrt >=10.0.20348.0
  - vc >=14.3,<15
  - vc14_runtime >=14.44.35208
  constrains:
  - libxml2 2.15.3
  license: MIT
  license_family: MIT
  run_exports: {}
  size: 519871
  timestamp: 1776376969852
- conda: https://conda.anaconda.org/conda-forge/win-64/libxml2-2.15.3-h8ef44ab_0.conda
  sha256: a4599c6bbbbdd7db570896e520c557eec8e66d94e839a59d17dc1f24a3d5f82b
  md5: 95591ca5671d2213f5b2d5aa7818420d
  depends:
  - icu >=78.3,<79.0a0
  - libiconv >=1.18,<2.0a0
  - liblzma >=5.8.3,<6.0a0
  - libxml2-16 2.15.3 h3cfd58e_0
  - libzlib >=1.3.2,<2.0a0
  - ucrt >=10.0.20348.0
  - vc >=14.3,<15
  - vc14_runtime >=14.44.35208
  license: MIT
  license_family: MIT
  run_exports:
    weak:
    - libxml2
    - libxml2-16 >=2.15.3
  size: 43684
  timestamp: 1776376992865
- conda: https://conda.anaconda.org/conda-forge/win-64/libzip-1.11.2-h3135430_0.conda
  sha256: 8ed49d8aa0ff908e16c82f92154174027c8906429e8b63d71f0b27ecc987b43e
  md5: 09066edc7810e4bd1b41ad01a6cc4706
  depends:
  - bzip2 >=1.0.8,<2.0a0
  - libzlib >=1.3.1,<2.0a0
  - openssl >=3.3.2,<4.0a0
  - ucrt >=10.0.20348.0
  - vc >=14.2,<15
  - vc14_runtime >=14.29.30139
  license: BSD-3-Clause
  license_family: BSD
  run_exports:
    weak:
    - libzip >=1.11.2,<2.0a0
  size: 146856
  timestamp: 1730442305774
- conda: https://conda.anaconda.org/conda-forge/win-64/libzlib-1.3.2-hfd05255_2.conda
  sha256: 88609816e0cc7452bac637aaf65783e5edf4fee8a9f8e22bdc3a75882c536061
  md5: dbabbd6234dea34040e631f87676292f
  depends:
  - ucrt >=10.0.20348.0
  - vc >=14.3,<15
  - vc14_runtime >=14.44.35208
  constrains:
  - zlib 1.3.2 *_2
  license: Zlib
  license_family: Other
  run_exports:
    weak:
    - libzlib >=1.3.2,<2.0a0
  size: 58347
  timestamp: 1774072851498
- conda: https://conda.anaconda.org/conda-forge/win-64/lz4-c-1.10.0-h2466b09_1.conda
  sha256: 632cf3bdaf7a7aeb846de310b6044d90917728c73c77f138f08aa9438fc4d6b5
  md5: 0b69331897a92fac3d8923549d48d092
  depends:
  - ucrt >=10.0.20348.0
  - vc >=14.2,<15
  - vc14_runtime >=14.29.30139
  license: BSD-2-Clause
  license_family: BSD
  run_exports:
    weak:
    - lz4-c >=1.10.0,<1.11.0a0
  size: 139891
  timestamp: 1733741168264
- conda: https://conda.anaconda.org/conda-forge/win-64/m2-conda-epoch-20250515-0_x86_64.conda
  build_number: 0
  sha256: 51e9214548f177db9c3fe70424e3774c95bf19cd69e0e56e83abe2e393228ba1
  md5: 7d60fb16df2cd07fbc3dbff1c9df4244
  constrains:
  - msys2-conda-epoch <0.0a0
  license: BSD-3-Clause
  license_family: BSD
  run_exports:
    weak:
    - m2-conda-epoch 20250515 *_x86_64
    noarch:
    - m2-conda-epoch 20250515 *_x86_64
  size: 7539
  timestamp: 1747330852019
- conda: https://conda.anaconda.org/conda-forge/win-64/ninja-1.13.2-h477610d_0.conda
  sha256: e41a945c34a5f0bd2109b73a65486cd93023fa0a9bcba3ef98f9a3da40ba1180
  md5: 7ecb9f2f112c66f959d2bb7dbdb89b67
  depends:
  - vc >=14.3,<15
  - vc14_runtime >=14.44.35208
  - ucrt >=10.0.20348.0
  - vc >=14.3,<15
  - vc14_runtime >=14.44.35208
  - ucrt >=10.0.20348.0
  license: Apache-2.0
  license_family: APACHE
  run_exports: {}
  size: 309417
  timestamp: 1763688227932
- conda: https://conda.anaconda.org/conda-forge/win-64/openssl-3.6.3-hf411b9b_0.conda
  sha256: cb6e7ba0d010ee0d3249ce9886de3d7613d26d9965d4c95666fa66b9c4c31001
  md5: e99f95734a326c0fd4d02bbd995150d4
  depends:
  - ca-certificates
  - ucrt >=10.0.20348.0
  - vc >=14.3,<15
  - vc14_runtime >=14.44.35208
  license: Apache-2.0
  license_family: Apache
  run_exports:
    weak:
    - openssl >=3.6.3,<4.0a0
  size: 9414790
  timestamp: 1781071745579
- conda: https://conda.anaconda.org/conda-forge/win-64/python-3.14.6-h4b44e0e_100_cp314.conda
  build_number: 100
  sha256: f1acb89cb1a6bec9a94ae9f8e7411839de009cd64d3ac6a6aec4f3d8a481099a
  md5: 8333e3ca6f8d1ebcd30b678dd53f0a25
  depends:
  - bzip2 >=1.0.8,<2.0a0
  - libexpat >=2.8.1,<3.0a0
  - libffi >=3.5.2,<3.6.0a0
  - liblzma >=5.8.3,<6.0a0
  - libmpdec >=4.0.0,<5.0a0
  - libsqlite >=3.53.2,<4.0a0
  - libzlib >=1.3.2,<2.0a0
  - openssl >=3.5.7,<4.0a0
  - python_abi 3.14.* *_cp314
  - tk >=8.6.13,<8.7.0a0
  - tzdata
  - ucrt >=10.0.20348.0
  - vc >=14.3,<15
  - vc14_runtime >=14.44.35208
  - zstd >=1.5.7,<1.6.0a0
  license: Python-2.0
  run_exports:
    weak:
    - python_abi 3.14.* *_cp314
    noarch:
    - python
  size: 18481352
  timestamp: 1781256034828
  python_site_packages_path: Lib/site-packages
- conda: https://conda.anaconda.org/conda-forge/win-64/snappy-1.2.2-h7fa0ca8_1.conda
  sha256: d2deda1350abf8c05978b73cf7fe9147dd5c7f2f9b312692d1b98e52efad53c3
  md5: 3075846de68f942150069d4289aaad63
  depends:
  - vc >=14.3,<15
  - vc14_runtime >=14.44.35208
  - ucrt >=10.0.20348.0
  - vc >=14.3,<15
  - vc14_runtime >=14.44.35208
  - ucrt >=10.0.20348.0
  license: BSD-3-Clause
  license_family: BSD
  run_exports:
    weak:
    - snappy >=1.2.2,<1.3.0a0
  size: 67417
  timestamp: 1762948090450
- conda: https://conda.anaconda.org/conda-forge/win-64/tk-8.6.13-h6ed50ae_3.conda
  sha256: 0e79810fae28f3b69fe7391b0d43f5474d6bd91d451d5f2bde02f55ae481d5e3
  md5: 0481bfd9814bf525bd4b3ee4b51494c4
  depends:
  - ucrt >=10.0.20348.0
  - vc >=14.3,<15
  - vc14_runtime >=14.44.35208
  license: TCL
  license_family: BSD
  run_exports:
    weak:
    - tk >=8.6.13,<8.7.0a0
  size: 3526350
  timestamp: 1769460339384
- conda: https://conda.anaconda.org/conda-forge/win-64/ucrt-10.0.26100.0-h57928b3_0.conda
  sha256: 3005729dce6f3d3f5ec91dfc49fc75a0095f9cd23bab49efb899657297ac91a5
  md5: 71b24316859acd00bdb8b38f5e2ce328
  constrains:
  - vc14_runtime >=14.29.30037
  - vs2015_runtime >=14.29.30037
  license: LicenseRef-MicrosoftWindowsSDK10
  run_exports: {}
  size: 694692
  timestamp: 1756385147981
- conda: https://conda.anaconda.org/conda-forge/win-64/vc-14.5-h1b7c187_39.conda
  sha256: 17693b60cb54f80c60275f003f3bfc1b128af56dbfd65c4fae37c64eeb755ce1
  md5: 2eacea63f545b97342da520df6854276
  depends:
  - vc14_runtime >=14.51.36231
  track_features:
  - vc14
  license: BSD-3-Clause
  license_family: BSD
  run_exports: {}
  size: 20362
  timestamp: 1781320968457
- conda: https://conda.anaconda.org/conda-forge/win-64/vc14_runtime-14.51.36231-h1b9f54f_39.conda
  sha256: 8153ed849c92e891eacac0f2f8d7ecb79f9b5fd7f7917fbb896f252a60a40390
  md5: 06a5bf5a1ca16cce0df6eaa91fc42bc2
  depends:
  - ucrt >=10.0.20348.0
  - vcomp14 14.51.36231 h1b9f54f_39
  constrains:
  - vs2015_runtime 14.51.36231.* *_39
  license: LicenseRef-MicrosoftVisualCpp2015-2022Runtime
  license_family: Proprietary
  run_exports: {}
  size: 737434
  timestamp: 1781320964561
- conda: https://conda.anaconda.org/conda-forge/win-64/vcomp14-14.51.36231-h1b9f54f_39.conda
  sha256: 07fb14713c4bc62e2533a2e23a363abfb0e65650681fba0ae4c840e2219350f3
  md5: 8b53a83fda40ec679e4d63fa32fae989
  depends:
  - ucrt >=10.0.20348.0
  constrains:
  - vs2015_runtime 14.51.36231.* *_39
  license: LicenseRef-MicrosoftVisualCpp2015-2022Runtime
  license_family: Proprietary
  run_exports:
    strong:
    - vcomp14 >=14.51.36231
  size: 120684
  timestamp: 1781320948530
- conda: https://conda.anaconda.org/conda-forge/win-64/zlib-1.3.2-hfd05255_2.conda
  sha256: ef408f85f664a4b9c9dac3cb2e36154d9baa15a88984ea800e11060e0f2394a1
  md5: 5187ecf958be3c39110fe691cbd6873e
  depends:
  - libzlib 1.3.2 hfd05255_2
  - ucrt >=10.0.20348.0
  - vc >=14.3,<15
  - vc14_runtime >=14.44.35208
  license: Zlib
  license_family: Other
  run_exports:
    weak:
    - libzlib >=1.3.2,<2.0a0
  size: 850351
  timestamp: 1774072891049
- conda: https://conda.anaconda.org/conda-forge/win-64/zstd-1.5.7-h534d264_6.conda
  sha256: 368d8628424966fd8f9c8018326a9c779e06913dd39e646cf331226acc90e5b2
  md5: 053b84beec00b71ea8ff7a4f84b55207
  depends:
  - vc >=14.3,<15
  - vc14_runtime >=14.44.35208
  - ucrt >=10.0.20348.0
  - libzlib >=1.3.1,<2.0a0
  license: BSD-3-Clause
  license_family: BSD
  run_exports:
    weak:
    - zstd >=1.5.7,<1.6.0a0
  size: 388453
  timestamp: 1764777142545
